
Microsoft Visual Studio Solution File, Format Version 12.00
# Visual Studio 15
VisualStudioVersion = 15.0.27130.2003
MinimumVisualStudioVersion = 10.0.40219.1
Project("{FAE04EC0-301F-11D3-BF4B-00C04F79EFBC}") = "SB", "SB\SB.csproj", "{C73C3894-070A-4540-B10E-440767992631}"
EndProject
Global
	GlobalSection(SolutionConfigurationPlatforms) = preSolution
		Debug|Any CPU = Debug|Any CPU
		Release|Any CPU = Release|Any CPU
	EndGlobalSection
	GlobalSection(ProjectConfigurationPlatforms) = postSolution
		{C73C3894-070A-4540-B10E-440767992631}.Debug|Any CPU.ActiveCfg = Debug|Any CPU
		{C73C3894-070A-4540-B10E-440767992631}.Debug|Any CPU.Build.0 = Debug|Any CPU
		{C73C3894-070A-4540-B10E-440767992631}.Release|Any CPU.ActiveCfg = Release|Any CPU
		{C73C3894-070A-4540-B10E-440767992631}.Release|Any CPU.Build.0 = Release|Any CPU
	EndGlobalSection
	GlobalSection(SolutionProperties) = preSolution
		HideSolutionNode = FALSE
	EndGlobalSection
	GlobalSection(ExtensibilityGlobals) = postSolution
		SolutionGuid = {4109C43A-99CC-4ADE-BA18-3B81EEE74F10}
	EndGlobalSection
EndGlobal
